// !$*UTF8*$!
{
	archiveVersion = 1;
	classes = {
	};
	objectVersion = 55;
	objects = {

/* Begin PBXBuildFile section */
		7917F2F427BE927F00F12EBD /* AppDelegate.swift in Sources */ = {isa = PBXBuildFile; fileRef = 7917F2F327BE927F00F12EBD /* AppDelegate.swift */; };
		7917F2F627BE927F00F12EBD /* SceneDelegate.swift in Sources */ = {isa = PBXBuildFile; fileRef = 7917F2F527BE927F00F12EBD /* SceneDelegate.swift */; };
		7917F2F827BE927F00F12EBD /* LoginViewController.swift in Sources */ = {isa = PBXBuildFile; fileRef = 7917F2F727BE927F00F12EBD /* LoginViewController.swift */; };
		7917F2FB27BE927F00F12EBD /* Main.storyboard in Resources */ = {isa = PBXBuildFile; fileRef = 7917F2F927BE927F00F12EBD /* Main.storyboard */; };
		7917F2FD27BE928000F12EBD /* Assets.xcassets in Resources */ = {isa = PBXBuildFile; fileRef = 7917F2FC27BE928000F12EBD /* Assets.xcassets */; };
		7917F30027BE928000F12EBD /* LaunchScreen.storyboard in Resources */ = {isa = PBXBuildFile; fileRef = 7917F2FE27BE928000F12EBD /* LaunchScreen.storyboard */; };
		7917F30B27BE928000F12EBD /* Coordinator_SampleTests.swift in Sources */ = {isa = PBXBuildFile; fileRef = 7917F30A27BE928000F12EBD /* Coordinator_SampleTests.swift */; };
		7917F31527BE928000F12EBD /* Coordinator_SampleUITests.swift in Sources */ = {isa = PBXBuildFile; fileRef = 7917F31427BE928000F12EBD /* Coordinator_SampleUITests.swift */; };
		7917F31727BE928000F12EBD /* Coordinator_SampleUITestsLaunchTests.swift in Sources */ = {isa = PBXBuildFile; fileRef = 7917F31627BE928000F12EBD /* Coordinator_SampleUITestsLaunchTests.swift */; };
		79DA5F9527BF1D2100FE2FCC /* Coordinator.swift in Sources */ = {isa = PBXBuildFile; fileRef = 79DA5F9427BF1D2100FE2FCC /* Coordinator.swift */; };
		79DA5F9727BF1D5000FE2FCC /* LoginCoordinator.swift in Sources */ = {isa = PBXBuildFile; fileRef = 79DA5F9627BF1D5000FE2FCC /* LoginCoordinator.swift */; };
		79DA5F9A27BF1F5300FE2FCC /* AppRouter.swift in Sources */ = {isa = PBXBuildFile; fileRef = 79DA5F9927BF1F5300FE2FCC /* AppRouter.swift */; };
		79DA5F9C27BF38D300FE2FCC /* DashboardViewController.swift in Sources */ = {isa = PBXBuildFile; fileRef = 79DA5F9B27BF38D300FE2FCC /* DashboardViewController.swift */; };
		79DA5F9E27BF392300FE2FCC /* DashboardCoordinator.swift in Sources */ = {isa = PBXBuildFile; fileRef = 79DA5F9D27BF392300FE2FCC /* DashboardCoordinator.swift */; };
		79DA5FA327BF462F00FE2FCC /* ProfileViewController.swift in Sources */ = {isa = PBXBuildFile; fileRef = 79DA5FA227BF462F00FE2FCC /* ProfileViewController.swift */; };
		79DA5FA527BF493D00FE2FCC /* ProfileCoordinator.swift in Sources */ = {isa = PBXBuildFile; fileRef = 79DA5FA427BF493D00FE2FCC /* ProfileCoordinator.swift */; };
/* End PBXBuildFile section */

/* Begin PBXContainerItemProxy section */
		7917F30727BE928000F12EBD /* PBXContainerItemProxy */ = {
			isa = PBXContainerItemProxy;
			containerPortal = 7917F2E827BE927F00F12EBD /* Project object */;
			proxyType = 1;
			remoteGlobalIDString = 7917F2EF27BE927F00F12EBD;
			remoteInfo = "Coordinator Sample";
		};
		7917F31127BE928000F12EBD /* PBXContainerItemProxy */ = {
			isa = PBXContainerItemProxy;
			containerPortal = 7917F2E827BE927F00F12EBD /* Project object */;
			proxyType = 1;
			remoteGlobalIDString = 7917F2EF27BE927F00F12EBD;
			remoteInfo = "Coordinator Sample";
		};
/* End PBXContainerItemProxy section */

/* Begin PBXFileReference section */
		7917F2F027BE927F00F12EBD /* Coordinator Sample.app */ = {isa = PBXFileReference; explicitFileType = wrapper.application; includeInIndex = 0; path = "Coordinator Sample.app"; sourceTree = BUILT_PRODUCTS_DIR; };
		7917F2F327BE927F00F12EBD /* AppDelegate.swift */ = {isa = PBXFileReference; lastKnownFileType = sourcecode.swift; path = AppDelegate.swift; sourceTree = "<group>"; };
		7917F2F527BE927F00F12EBD /* SceneDelegate.swift */ = {isa = PBXFileReference; lastKnownFileType = sourcecode.swift; path = SceneDelegate.swift; sourceTree = "<group>"; };
		7917F2F727BE927F00F12EBD /* LoginViewController.swift */ = {isa = PBXFileReference; lastKnownFileType = sourcecode.swift; path = LoginViewController.swift; sourceTree = "<group>"; };
		7917F2FA27BE927F00F12EBD /* Base */ = {isa = PBXFileReference; lastKnownFileType = file.storyboard; name = Base; path = Base.lproj/Main.storyboard; sourceTree = "<group>"; };
		7917F2FC27BE928000F12EBD /* Assets.xcassets */ = {isa = PBXFileReference; lastKnownFileType = folder.assetcatalog; path = Assets.xcassets; sourceTree = "<group>"; };
		7917F2FF27BE928000F12EBD /* Base */ = {isa = PBXFileReference; lastKnownFileType = file.storyboard; name = Base; path = Base.lproj/LaunchScreen.storyboard; sourceTree = "<group>"; };
		7917F30127BE928000F12EBD /* Info.plist */ = {isa = PBXFileReference; lastKnownFileType = text.plist.xml; path = Info.plist; sourceTree = "<group>"; };
		7917F30627BE928000F12EBD /* Coordinator SampleTests.xctest */ = {isa = PBXFileReference; explicitFileType = wrapper.cfbundle; includeInIndex = 0; path = "Coordinator SampleTests.xctest"; sourceTree = BUILT_PRODUCTS_DIR; };
		7917F30A27BE928000F12EBD /* Coordinator_SampleTests.swift */ = {isa = PBXFileReference; lastKnownFileType = sourcecode.swift; path = Coordinator_SampleTests.swift; sourceTree = "<group>"; };
		7917F31027BE928000F12EBD /* Coordinator SampleUITests.xctest */ = {isa = PBXFileReference; explicitFileType = wrapper.cfbundle; includeInIndex = 0; path = "Coordinator SampleUITests.xctest"; sourceTree = BUILT_PRODUCTS_DIR; };
		7917F31427BE928000F12EBD /* Coordinator_SampleUITests.swift */ = {isa = PBXFileReference; lastKnownFileType = sourcecode.swift; path = Coordinator_SampleUITests.swift; sourceTree = "<group>"; };
		7917F31627BE928000F12EBD /* Coordinator_SampleUITestsLaunchTests.swift */ = {isa = PBXFileReference; lastKnownFileType = sourcecode.swift; path = Coordinator_SampleUITestsLaunchTests.swift; sourceTree = "<group>"; };
		79DA5F9427BF1D2100FE2FCC /* Coordinator.swift */ = {isa = PBXFileReference; lastKnownFileType = sourcecode.swift; path = Coordinator.swift; sourceTree = "<group>"; };
		79DA5F9627BF1D5000FE2FCC /* LoginCoordinator.swift */ = {isa = PBXFileReference; lastKnownFileType = sourcecode.swift; path = LoginCoordinator.swift; sourceTree = "<group>"; };
		79DA5F9927BF1F5300FE2FCC /* AppRouter.swift */ = {isa = PBXFileReference; lastKnownFileType = sourcecode.swift; path = AppRouter.swift; sourceTree = "<group>"; };
		79DA5F9B27BF38D300FE2FCC /* DashboardViewController.swift */ = {isa = PBXFileReference; lastKnownFileType = sourcecode.swift; path = DashboardViewController.swift; sourceTree = "<group>"; };
		79DA5F9D27BF392300FE2FCC /* DashboardCoordinator.swift */ = {isa = PBXFileReference; lastKnownFileType = sourcecode.swift; path = DashboardCoordinator.swift; sourceTree = "<group>"; };
		79DA5FA227BF462F00FE2FCC /* ProfileViewController.swift */ = {isa = PBXFileReference; lastKnownFileType = sourcecode.swift; path = ProfileViewController.swift; sourceTree = "<group>"; };
		79DA5FA427BF493D00FE2FCC /* ProfileCoordinator.swift */ = {isa = PBXFileReference; lastKnownFileType = sourcecode.swift; path = ProfileCoordinator.swift; sourceTree = "<group>"; };
/* End PBXFileReference section */

/* Begin PBXFrameworksBuildPhase section */
		7917F2ED27BE927F00F12EBD /* Frameworks */ = {
			isa = PBXFrameworksBuildPhase;
			buildActionMask = 2147483647;
			files = (
			);
			runOnlyForDeploymentPostprocessing = 0;
		};
		7917F30327BE928000F12EBD /* Frameworks */ = {
			isa = PBXFrameworksBuildPhase;
			buildActionMask = 2147483647;
			files = (
			);
			runOnlyForDeploymentPostprocessing = 0;
		};
		7917F30D27BE928000F12EBD /* Frameworks */ = {
			isa = PBXFrameworksBuildPhase;
			buildActionMask = 2147483647;
			files = (
			);
			runOnlyForDeploymentPostprocessing = 0;
		};
/* End PBXFrameworksBuildPhase section */

/* Begin PBXGroup section */
		7917F2E727BE927F00F12EBD = {
			isa = PBXGroup;
			children = (
				7917F2F227BE927F00F12EBD /* Coordinator Sample */,
				7917F30927BE928000F12EBD /* Coordinator SampleTests */,
				7917F31327BE928000F12EBD /* Coordinator SampleUITests */,
				7917F2F127BE927F00F12EBD /* Products */,
			);
			sourceTree = "<group>";
		};
		7917F2F127BE927F00F12EBD /* Products */ = {
			isa = PBXGroup;
			children = (
				7917F2F027BE927F00F12EBD /* Coordinator Sample.app */,
				7917F30627BE928000F12EBD /* Coordinator SampleTests.xctest */,
				7917F31027BE928000F12EBD /* Coordinator SampleUITests.xctest */,
			);
			name = Products;
			sourceTree = "<group>";
		};
		7917F2F227BE927F00F12EBD /* Coordinator Sample */ = {
			isa = PBXGroup;
			children = (
				79DA5F9327BF1D0900FE2FCC /* Coordinators */,
				79DA5FA027BF45D100FE2FCC /* Delegates */,
				79DA5F9F27BF45C500FE2FCC /* ViewControllers */,
				79DA5FA127BF45D800FE2FCC /* Storyboards */,
				7917F2FC27BE928000F12EBD /* Assets.xcassets */,
				7917F2FE27BE928000F12EBD /* LaunchScreen.storyboard */,
				7917F30127BE928000F12EBD /* Info.plist */,
				79DA5F9927BF1F5300FE2FCC /* AppRouter.swift */,
			);
			path = "Coordinator Sample";
			sourceTree = "<group>";
		};
		7917F30927BE928000F12EBD /* Coordinator SampleTests */ = {
			isa = PBXGroup;
			children = (
				7917F30A27BE928000F12EBD /* Coordinator_SampleTests.swift */,
			);
			path = "Coordinator SampleTests";
			sourceTree = "<group>";
		};
		7917F31327BE928000F12EBD /* Coordinator SampleUITests */ = {
			isa = PBXGroup;
			children = (
				7917F31427BE928000F12EBD /* Coordinator_SampleUITests.swift */,
				7917F31627BE928000F12EBD /* Coordinator_SampleUITestsLaunchTests.swift */,
			);
			path = "Coordinator SampleUITests";
			sourceTree = "<group>";
		};
		79DA5F9327BF1D0900FE2FCC /* Coordinators */ = {
			isa = PBXGroup;
			children = (
				79DA5F9827BF1E1800FE2FCC /* Base */,
				79DA5F9627BF1D5000FE2FCC /* LoginCoordinator.swift */,
				79DA5F9D27BF392300FE2FCC /* DashboardCoordinator.swift */,
				79DA5FA427BF493D00FE2FCC /* ProfileCoordinator.swift */,
			);
			path = Coordinators;
			sourceTree = "<group>";
		};
		79DA5F9827BF1E1800FE2FCC /* Base */ = {
			isa = PBXGroup;
			children = (
				79DA5F9427BF1D2100FE2FCC /* Coordinator.swift */,
			);
			path = Base;
			sourceTree = "<group>";
		};
		79DA5F9F27BF45C500FE2FCC /* ViewControllers */ = {
			isa = PBXGroup;
			children = (
				7917F2F727BE927F00F12EBD /* LoginViewController.swift */,
				79DA5F9B27BF38D300FE2FCC /* DashboardViewController.swift */,
				79DA5FA227BF462F00FE2FCC /* ProfileViewController.swift */,
			);
			path = ViewControllers;
			sourceTree = "<group>";
		};
		79DA5FA027BF45D100FE2FCC /* Delegates */ = {
			isa = PBXGroup;
			children = (
				7917F2F327BE927F00F12EBD /* AppDelegate.swift */,
				7917F2F527BE927F00F12EBD /* SceneDelegate.swift */,
			);
			path = Delegates;
			sourceTree = "<group>";
		};
		79DA5FA127BF45D800FE2FCC /* Storyboards */ = {
			isa = PBXGroup;
			children = (
				7917F2F927BE927F00F12EBD /* Main.storyboard */,
			);
			path = Storyboards;
			sourceTree = "<group>";
		};
/* End PBXGroup section */

/* Begin PBXNativeTarget section */
		7917F2EF27BE927F00F12EBD /* Coordinator Sample */ = {
			isa = PBXNativeTarget;
			buildConfigurationList = 7917F31A27BE928000F12EBD /* Build configuration list for PBXNativeTarget "Coordinator Sample" */;
			buildPhases = (
				7917F2EC27BE927F00F12EBD /* Sources */,
				7917F2ED27BE927F00F12EBD /* Frameworks */,
				7917F2EE27BE927F00F12EBD /* Resources */,
			);
			buildRules = (
			);
			dependencies = (
			);
			name = "Coordinator Sample";
			productName = "Coordinator Sample";
			productReference = 7917F2F027BE927F00F12EBD /* Coordinator Sample.app */;
			productType = "com.apple.product-type.application";
		};
		7917F30527BE928000F12EBD /* Coordinator SampleTests */ = {
			isa = PBXNativeTarget;
			buildConfigurationList = 7917F31D27BE928000F12EBD /* Build configuration list for PBXNativeTarget "Coordinator SampleTests" */;
			buildPhases = (
				7917F30227BE928000F12EBD /* Sources */,
				7917F30327BE928000F12EBD /* Frameworks */,
				7917F30427BE928000F12EBD /* Resources */,
			);
			buildRules = (
			);
			dependencies = (
				7917F30827BE928000F12EBD /* PBXTargetDependency */,
			);
			name = "Coordinator SampleTests";
			productName = "Coordinator SampleTests";
			productReference = 7917F30627BE928000F12EBD /* Coordinator SampleTests.xctest */;
			productType = "com.apple.product-type.bundle.unit-test";
		};
		7917F30F27BE928000F12EBD /* Coordinator SampleUITests */ = {
			isa = PBXNativeTarget;
			buildConfigurationList = 7917F32027BE928000F12EBD /* Build configuration list for PBXNativeTarget "Coordinator SampleUITests" */;
			buildPhases = (
				7917F30C27BE928000F12EBD /* Sources */,
				7917F30D27BE928000F12EBD /* Frameworks */,
				7917F30E27BE928000F12EBD /* Resources */,
			);
			buildRules = (
			);
			dependencies = (
				7917F31227BE928000F12EBD /* PBXTargetDependency */,
			);
			name = "Coordinator SampleUITests";
			productName = "Coordinator SampleUITests";
			productReference = 7917F31027BE928000F12EBD /* Coordinator SampleUITests.xctest */;
			productType = "com.apple.product-type.bundle.ui-testing";
		};
/* End PBXNativeTarget section */

/* Begin PBXProject section */
		7917F2E827BE927F00F12EBD /* Project object */ = {
			isa = PBXProject;
			attributes = {
				BuildIndependentTargetsInParallel = 1;
				LastSwiftUpdateCheck = 1320;
				LastUpgradeCheck = 1320;
				TargetAttributes = {
					7917F2EF27BE927F00F12EBD = {
						CreatedOnToolsVersion = 13.2.1;
					};
					7917F30527BE928000F12EBD = {
						CreatedOnToolsVersion = 13.2.1;
						TestTargetID = 7917F2EF27BE927F00F12EBD;
					};
					7917F30F27BE928000F12EBD = {
						CreatedOnToolsVersion = 13.2.1;
						TestTargetID = 7917F2EF27BE927F00F12EBD;
					};
				};
			};
			buildConfigurationList = 7917F2EB27BE927F00F12EBD /* Build configuration list for PBXProject "Coordinator Sample" */;
			compatibilityVersion = "Xcode 13.0";
			developmentRegion = en;
			hasScannedForEncodings = 0;
			knownRegions = (
				en,
				Base,
			);
			mainGroup = 7917F2E727BE927F00F12EBD;
			productRefGroup = 7917F2F127BE927F00F12EBD /* Products */;
			projectDirPath = "";
			projectRoot = "";
			targets = (
				7917F2EF27BE927F00F12EBD /* Coordinator Sample */,
				7917F30527BE928000F12EBD /* Coordinator SampleTests */,
				7917F30F27BE928000F12EBD /* Coordinator SampleUITests */,
			);
		};
/* End PBXProject section */

/* Begin PBXResourcesBuildPhase section */
		7917F2EE27BE927F00F12EBD /* Resources */ = {
			isa = PBXResourcesBuildPhase;
			buildActionMask = 2147483647;
			files = (
				7917F30027BE928000F12EBD /* LaunchScreen.storyboard in Resources */,
				7917F2FD27BE928000F12EBD /* Assets.xcassets in Resources */,
				7917F2FB27BE927F00F12EBD /* Main.storyboard in Resources */,
			);
			runOnlyForDeploymentPostprocessing = 0;
		};
		7917F30427BE928000F12EBD /* Resources */ = {
			isa = PBXResourcesBuildPhase;
			buildActionMask = 2147483647;
			files = (
			);
			runOnlyForDeploymentPostprocessing = 0;
		};
		7917F30E27BE928000F12EBD /* Resources */ = {
			isa = PBXResourcesBuildPhase;
			buildActionMask = 2147483647;
			files = (
			);
			runOnlyForDeploymentPostprocessing = 0;
		};
/* End PBXResourcesBuildPhase section */

/* Begin PBXSourcesBuildPhase section */
		7917F2EC27BE927F00F12EBD /* Sources */ = {
			isa = PBXSourcesBuildPhase;
			buildActionMask = 2147483647;
			files = (
				79DA5F9C27BF38D300FE2FCC /* DashboardViewController.swift in Sources */,
				79DA5FA527BF493D00FE2FCC /* ProfileCoordinator.swift in Sources */,
				79DA5FA327BF462F00FE2FCC /* ProfileViewController.swift in Sources */,
				79DA5F9527BF1D2100FE2FCC /* Coordinator.swift in Sources */,
				7917F2F827BE927F00F12EBD /* LoginViewController.swift in Sources */,
				79DA5F9A27BF1F5300FE2FCC /* AppRouter.swift in Sources */,
				7917F2F427BE927F00F12EBD /* AppDelegate.swift in Sources */,
				79DA5F9727BF1D5000FE2FCC /* LoginCoordinator.swift in Sources */,
				79DA5F9E27BF392300FE2FCC /* DashboardCoordinator.swift in Sources */,
				7917F2F627BE927F00F12EBD /* SceneDelegate.swift in Sources */,
			);
			runOnlyForDeploymentPostprocessing = 0;
		};
		7917F30227BE928000F12EBD /* Sources */ = {
			isa = PBXSourcesBuildPhase;
			buildActionMask = 2147483647;
			files = (
				7917F30B27BE928000F12EBD /* Coordinator_SampleTests.swift in Sources */,
			);
			runOnlyForDeploymentPostprocessing = 0;
		};
		7917F30C27BE928000F12EBD /* Sources */ = {
			isa = PBXSourcesBuildPhase;
			buildActionMask = 2147483647;
			files = (
				7917F31527BE928000F12EBD /* Coordinator_SampleUITests.swift in Sources */,
				7917F31727BE928000F12EBD /* Coordinator_SampleUITestsLaunchTests.swift in Sources */,
			);
			runOnlyForDeploymentPostprocessing = 0;
		};
/* End PBXSourcesBuildPhase section */

/* Begin PBXTargetDependency section */
		7917F30827BE928000F12EBD /* PBXTargetDependency */ = {
			isa = PBXTargetDependency;
			target = 7917F2EF27BE927F00F12EBD /* Coordinator Sample */;
			targetProxy = 7917F30727BE928000F12EBD /* PBXContainerItemProxy */;
		};
		7917F31227BE928000F12EBD /* PBXTargetDependency */ = {
			isa = PBXTargetDependency;
			target = 7917F2EF27BE927F00F12EBD /* Coordinator Sample */;
			targetProxy = 7917F31127BE928000F12EBD /* PBXContainerItemProxy */;
		};
/* End PBXTargetDependency section */

/* Begin PBXVariantGroup section */
		7917F2F927BE927F00F12EBD /* Main.storyboard */ = {
			isa = PBXVariantGroup;
			children = (
				7917F2FA27BE927F00F12EBD /* Base */,
			);
			name = Main.storyboard;
			sourceTree = "<group>";
		};
		7917F2FE27BE928000F12EBD /* LaunchScreen.storyboard */ = {
			isa = PBXVariantGroup;
			children = (
				7917F2FF27BE928000F12EBD /* Base */,
			);
			name = LaunchScreen.storyboard;
			sourceTree = "<group>";
		};
/* End PBXVariantGroup section */

/* Begin XCBuildConfiguration section */
		7917F31827BE928000F12EBD /* Debug */ = {
			isa = XCBuildConfiguration;
			buildSettings = {
				ALWAYS_SEARCH_USER_PATHS = NO;
				CLANG_ANALYZER_NONNULL = YES;
				CLANG_ANALYZER_NUMBER_OBJECT_CONVERSION = YES_AGGRESSIVE;
				CLANG_CXX_LANGUAGE_STANDARD = "gnu++17";
				CLANG_CXX_LIBRARY = "libc++";
				CLANG_ENABLE_MODULES = YES;
				CLANG_ENABLE_OBJC_ARC = YES;
				CLANG_ENABLE_OBJC_WEAK = YES;
				CLANG_WARN_BLOCK_CAPTURE_AUTORELEASING = YES;
				CLANG_WARN_BOOL_CONVERSION = YES;
				CLANG_WARN_COMMA = YES;
				CLANG_WARN_CONSTANT_CONVERSION = YES;
				CLANG_WARN_DEPRECATED_OBJC_IMPLEMENTATIONS = YES;
				CLANG_WARN_DIRECT_OBJC_ISA_USAGE = YES_ERROR;
				CLANG_WARN_DOCUMENTATION_COMMENTS = YES;
				CLANG_WARN_EMPTY_BODY = YES;
				CLANG_WARN_ENUM_CONVERSION = YES;
				CLANG_WARN_INFINITE_RECURSION = YES;
				CLANG_WARN_INT_CONVERSION = YES;
				CLANG_WARN_NON_LITERAL_NULL_CONVERSION = YES;
				CLANG_WARN_OBJC_IMPLICIT_RETAIN_SELF = YES;
				CLANG_WARN_OBJC_LITERAL_CONVERSION = YES;
				CLANG_WARN_OBJC_ROOT_CLASS = YES_ERROR;
				CLANG_WARN_QUOTED_INCLUDE_IN_FRAMEWORK_HEADER = YES;
				CLANG_WARN_RANGE_LOOP_ANALYSIS = YES;
				CLANG_WARN_STRICT_PROTOTYPES = YES;
				CLANG_WARN_SUSPICIOUS_MOVE = YES;
				CLANG_WARN_UNGUARDED_AVAILABILITY = YES_AGGRESSIVE;
				CLANG_WARN_UNREACHABLE_CODE = YES;
				CLANG_WARN__DUPLICATE_METHOD_MATCH = YES;
				COPY_PHASE_STRIP = NO;
				DEBUG_INFORMATION_FORMAT = dwarf;
				ENABLE_STRICT_OBJC_MSGSEND = YES;
				ENABLE_TESTABILITY = YES;
				GCC_C_LANGUAGE_STANDARD = gnu11;
				GCC_DYNAMIC_NO_PIC = NO;
				GCC_NO_COMMON_BLOCKS = YES;
				GCC_OPTIMIZATION_LEVEL = 0;
				GCC_PREPROCESSOR_DEFINITIONS = (
					"DEBUG=1",
					"$(inherited)",
				);
				GCC_WARN_64_TO_32_BIT_CONVERSION = YES;
				GCC_WARN_ABOUT_RETURN_TYPE = YES_ERROR;
				GCC_WARN_UNDECLARED_SELECTOR = YES;
				GCC_WARN_UNINITIALIZED_AUTOS = YES_AGGRESSIVE;
				GCC_WARN_UNUSED_FUNCTION = YES;
				GCC_WARN_UNUSED_VARIABLE = YES;
				IPHONEOS_DEPLOYMENT_TARGET = 15.2;
				MTL_ENABLE_DEBUG_INFO = INCLUDE_SOURCE;
				MTL_FAST_MATH = YES;
				ONLY_ACTIVE_ARCH = YES;
				SDKROOT = iphoneos;
				SWIFT_ACTIVE_COMPILATION_CONDITIONS = DEBUG;
				SWIFT_OPTIMIZATION_LEVEL = "-Onone";
			};
			name = Debug;
		};
		7917F31927BE928000F12EBD /* Release */ = {
			isa = XCBuildConfiguration;
			buildSettings = {
				ALWAYS_SEARCH_USER_PATHS = NO;
				CLANG_ANALYZER_NONNULL = YES;
				CLANG_ANALYZER_NUMBER_OBJECT_CONVERSION = YES_AGGRESSIVE;
				CLANG_CXX_LANGUAGE_STANDARD = "gnu++17";
				CLANG_CXX_LIBRARY = "libc++";
				CLANG_ENABLE_MODULES = YES;
				CLANG_ENABLE_OBJC_ARC = YES;
				CLANG_ENABLE_OBJC_WEAK = YES;
				CLANG_WARN_BLOCK_CAPTURE_AUTORELEASING = YES;
				CLANG_WARN_BOOL_CONVERSION = YES;
				CLANG_WARN_COMMA = YES;
				CLANG_WARN_CONSTANT_CONVERSION = YES;
				CLANG_WARN_DEPRECATED_OBJC_IMPLEMENTATIONS = YES;
				CLANG_WARN_DIRECT_OBJC_ISA_USAGE = YES_ERROR;
				CLANG_WARN_DOCUMENTATION_COMMENTS = YES;
				CLANG_WARN_EMPTY_BODY = YES;
				CLANG_WARN_ENUM_CONVERSION = YES;
				CLANG_WARN_INFINITE_RECURSION = YES;
				CLANG_WARN_INT_CONVERSION = YES;
				CLANG_WARN_NON_LITERAL_NULL_CONVERSION = YES;
				CLANG_WARN_OBJC_IMPLICIT_RETAIN_SELF = YES;
				CLANG_WARN_OBJC_LITERAL_CONVERSION = YES;
				CLANG_WARN_OBJC_ROOT_CLASS = YES_ERROR;
				CLANG_WARN_QUOTED_INCLUDE_IN_FRAMEWORK_HEADER = YES;
				CLANG_WARN_RANGE_LOOP_ANALYSIS = YES;
				CLANG_WARN_STRICT_PROTOTYPES = YES;
				CLANG_WARN_SUSPICIOUS_MOVE = YES;
				CLANG_WARN_UNGUARDED_AVAILABILITY = YES_AGGRESSIVE;
				CLANG_WARN_UNREACHABLE_CODE = YES;
				CLANG_WARN__DUPLICATE_METHOD_MATCH = YES;
				COPY_PHASE_STRIP = NO;
				DEBUG_INFORMATION_FORMAT = "dwarf-with-dsym";
				ENABLE_NS_ASSERTIONS = NO;
				ENABLE_STRICT_OBJC_MSGSEND = YES;
				GCC_C_LANGUAGE_STANDARD = gnu11;
				GCC_NO_COMMON_BLOCKS = YES;
				GCC_WARN_64_TO_32_BIT_CONVERSION = YES;
				GCC_WARN_ABOUT_RETURN_TYPE = YES_ERROR;
				GCC_WARN_UNDECLARED_SELECTOR = YES;
				GCC_WARN_UNINITIALIZED_AUTOS = YES_AGGRESSIVE;
				GCC_WARN_UNUSED_FUNCTION = YES;
				GCC_WARN_UNUSED_VARIABLE = YES;
				IPHONEOS_DEPLOYMENT_TARGET = 15.2;
				MTL_ENABLE_DEBUG_INFO = NO;
				MTL_FAST_MATH = YES;
				SDKROOT = iphoneos;
				SWIFT_COMPILATION_MODE = wholemodule;
				SWIFT_OPTIMIZATION_LEVEL = "-O";
				VALIDATE_PRODUCT = YES;
			};
			name = Release;
		};
		7917F31B27BE928000F12EBD /* Debug */ = {
			isa = XCBuildConfiguration;
			buildSettings = {
				ASSETCATALOG_COMPILER_APPICON_NAME = AppIcon;
				ASSETCATALOG_COMPILER_GLOBAL_ACCENT_COLOR_NAME = AccentColor;
				CODE_SIGN_STYLE = Automatic;
				CURRENT_PROJECT_VERSION = 1;
				DEVELOPMENT_TEAM = 836GJC6T42;
				GENERATE_INFOPLIST_FILE = YES;
				INFOPLIST_FILE = "Coordinator Sample/Info.plist";
				INFOPLIST_KEY_UIApplicationSupportsIndirectInputEvents = YES;
				INFOPLIST_KEY_UILaunchStoryboardName = LaunchScreen;
				INFOPLIST_KEY_UIMainStoryboardFile = Main;
				INFOPLIST_KEY_UISupportedInterfaceOrientations_iPad = "UIInterfaceOrientationPortrait UIInterfaceOrientationPortraitUpsideDown UIInterfaceOrientationLandscapeLeft UIInterfaceOrientationLandscapeRight";
				INFOPLIST_KEY_UISupportedInterfaceOrientations_iPhone = "UIInterfaceOrientationPortrait UIInterfaceOrientationLandscapeLeft UIInterfaceOrientationLandscapeRight";
				LD_RUNPATH_SEARCH_PATHS = (
					"$(inherited)",
					"@executable_path/Frameworks",
				);
				MARKETING_VERSION = 1.0;
				PRODUCT_BUNDLE_IDENTIFIER = "com.vijay.Coordinator-Sample";
				PRODUCT_NAME = "$(TARGET_NAME)";
				SWIFT_EMIT_LOC_STRINGS = YES;
				SWIFT_VERSION = 5.0;
				TARGETED_DEVICE_FAMILY = "1,2";
			};
			name = Debug;
		};
		7917F31C27BE928000F12EBD /* Release */ = {
			isa = XCBuildConfiguration;
			buildSettings = {
				ASSETCATALOG_COMPILER_APPICON_NAME = AppIcon;
				ASSETCATALOG_COMPILER_GLOBAL_ACCENT_COLOR_NAME = AccentColor;
				CODE_SIGN_STYLE = Automatic;
				CURRENT_PROJECT_VERSION = 1;
				DEVELOPMENT_TEAM = 836GJC6T42;
				GENERATE_INFOPLIST_FILE = YES;
				INFOPLIST_FILE = "Coordinator Sample/Info.plist";
				INFOPLIST_KEY_UIApplicationSupportsIndirectInputEvents = YES;
				INFOPLIST_KEY_UILaunchStoryboardName = LaunchScreen;
				INFOPLIST_KEY_UIMainStoryboardFile = Main;
				INFOPLIST_KEY_UISupportedInterfaceOrientations_iPad = "UIInterfaceOrientationPortrait UIInterfaceOrientationPortraitUpsideDown UIInterfaceOrientationLandscapeLeft UIInterfaceOrientationLandscapeRight";
				INFOPLIST_KEY_UISupportedInterfaceOrientations_iPhone = "UIInterfaceOrientationPortrait UIInterfaceOrientationLandscapeLeft UIInterfaceOrientationLandscapeRight";
				LD_RUNPATH_SEARCH_PATHS = (
					"$(inherited)",
					"@executable_path/Frameworks",
				);
				MARKETING_VERSION = 1.0;
				PRODUCT_BUNDLE_IDENTIFIER = "com.vijay.Coordinator-Sample";
				PRODUCT_NAME = "$(TARGET_NAME)";
				SWIFT_EMIT_LOC_STRINGS = YES;
				SWIFT_VERSION = 5.0;
				TARGETED_DEVICE_FAMILY = "1,2";
			};
			name = Release;
		};
		7917F31E27BE928000F12EBD /* Debug */ = {
			isa = XCBuildConfiguration;
			buildSettings = {
				ALWAYS_EMBED_SWIFT_STANDARD_LIBRARIES = YES;
				BUNDLE_LOADER = "$(TEST_HOST)";
				CODE_SIGN_STYLE = Automatic;
				CURRENT_PROJECT_VERSION = 1;
				DEVELOPMENT_TEAM = 836GJC6T42;
				GENERATE_INFOPLIST_FILE = YES;
				IPHONEOS_DEPLOYMENT_TARGET = 15.2;
				MARKETING_VERSION = 1.0;
				PRODUCT_BUNDLE_IDENTIFIER = "com.vijay.Coordinator-SampleTests";
				PRODUCT_NAME = "$(TARGET_NAME)";
				SWIFT_EMIT_LOC_STRINGS = NO;
				SWIFT_VERSION = 5.0;
				TARGETED_DEVICE_FAMILY = "1,2";
				TEST_HOST = "$(BUILT_PRODUCTS_DIR)/Coordinator Sample.app/Coordinator Sample";
			};
			name = Debug;
		};
		7917F31F27BE928000F12EBD /* Release */ = {
			isa = XCBuildConfiguration;
			buildSettings = {
				ALWAYS_EMBED_SWIFT_STANDARD_LIBRARIES = YES;
				BUNDLE_LOADER = "$(TEST_HOST)";
				CODE_SIGN_STYLE = Automatic;
				CURRENT_PROJECT_VERSION = 1;
				DEVELOPMENT_TEAM = 836GJC6T42;
				GENERATE_INFOPLIST_FILE = YES;
				IPHONEOS_DEPLOYMENT_TARGET = 15.2;
				MARKETING_VERSION = 1.0;
				PRODUCT_BUNDLE_IDENTIFIER = "com.vijay.Coordinator-SampleTests";
				PRODUCT_NAME = "$(TARGET_NAME)";
				SWIFT_EMIT_LOC_STRINGS = NO;
				SWIFT_VERSION = 5.0;
				TARGETED_DEVICE_FAMILY = "1,2";
				TEST_HOST = "$(BUILT_PRODUCTS_DIR)/Coordinator Sample.app/Coordinator Sample";
			};
			name = Release;
		};
		7917F32127BE928000F12EBD /* Debug */ = {
			isa = XCBuildConfiguration;
			buildSettings = {
				ALWAYS_EMBED_SWIFT_STANDARD_LIBRARIES = YES;
				CODE_SIGN_STYLE = Automatic;
				CURRENT_PROJECT_VERSION = 1;
				DEVELOPMENT_TEAM = 836GJC6T42;
				GENERATE_INFOPLIST_FILE = YES;
				MARKETING_VERSION = 1.0;
				PRODUCT_BUNDLE_IDENTIFIER = "com.vijay.Coordinator-SampleUITests";
				PRODUCT_NAME = "$(TARGET_NAME)";
				SWIFT_EMIT_LOC_STRINGS = NO;
				SWIFT_VERSION = 5.0;
				TARGETED_DEVICE_FAMILY = "1,2";
				TEST_TARGET_NAME = "Coordinator Sample";
			};
			name = Debug;
		};
		7917F32227BE928000F12EBD /* Release */ = {
			isa = XCBuildConfiguration;
			buildSettings = {
				ALWAYS_EMBED_SWIFT_STANDARD_LIBRARIES = YES;
				CODE_SIGN_STYLE = Automatic;
				CURRENT_PROJECT_VERSION = 1;
				DEVELOPMENT_TEAM = 836GJC6T42;
				GENERATE_INFOPLIST_FILE = YES;
				MARKETING_VERSION = 1.0;
				PRODUCT_BUNDLE_IDENTIFIER = "com.vijay.Coordinator-SampleUITests";
				PRODUCT_NAME = "$(TARGET_NAME)";
				SWIFT_EMIT_LOC_STRINGS = NO;
				SWIFT_VERSION = 5.0;
				TARGETED_DEVICE_FAMILY = "1,2";
				TEST_TARGET_NAME = "Coordinator Sample";
			};
			name = Release;
		};
/* End XCBuildConfiguration section */

/* Begin XCConfigurationList section */
		7917F2EB27BE927F00F12EBD /* Build configuration list for PBXProject "Coordinator Sample" */ = {
			isa = XCConfigurationList;
			buildConfigurations = (
				7917F31827BE928000F12EBD /* Debug */,
				7917F31927BE928000F12EBD /* Release */,
			);
			defaultConfigurationIsVisible = 0;
			defaultConfigurationName = Release;
		};
		7917F31A27BE928000F12EBD /* Build configuration list for PBXNativeTarget "Coordinator Sample" */ = {
			isa = XCConfigurationList;
			buildConfigurations = (
				7917F31B27BE928000F12EBD /* Debug */,
				7917F31C27BE928000F12EBD /* Release */,
			);
			defaultConfigurationIsVisible = 0;
			defaultConfigurationName = Release;
		};
		7917F31D27BE928000F12EBD /* Build configuration list for PBXNativeTarget "Coordinator SampleTests" */ = {
			isa = XCConfigurationList;
			buildConfigurations = (
				7917F31E27BE928000F12EBD /* Debug */,
				7917F31F27BE928000F12EBD /* Release */,
			);
			defaultConfigurationIsVisible = 0;
			defaultConfigurationName = Release;
		};
		7917F32027BE928000F12EBD /* Build configuration list for PBXNativeTarget "Coordinator SampleUITests" */ = {
			isa = XCConfigurationList;
			buildConfigurations = (
				7917F32127BE928000F12EBD /* Debug */,
				7917F32227BE928000F12EBD /* Release */,
			);
			defaultConfigurationIsVisible = 0;
			defaultConfigurationName = Release;
		};
/* End XCConfigurationList section */
	};
	rootObject = 7917F2E827BE927F00F12EBD /* Project object */;
}
